// !$*UTF8*$!
{
	archiveVersion = 1;
	classes = {
	};
	objectVersion = 50;
	objects = {

/* Begin PBXBuildFile section */
		71A25E06215D41AD00544DC9 /* AppDelegate.swift in Sources */ = {isa = PBXBuildFile; fileRef = 71A25E05215D41AD00544DC9 /* AppDelegate.swift */; };
		71A25E08215D41AD00544DC9 /* ViewController.swift in Sources */ = {isa = PBXBuildFile; fileRef = 71A25E07215D41AD00544DC9 /* ViewController.swift */; };
		71A25E0B215D41AD00544DC9 /* Main.storyboard in Resources */ = {isa = PBXBuildFile; fileRef = 71A25E09215D41AD00544DC9 /* Main.storyboard */; };
		71A25E0D215D41B200544DC9 /* Assets.xcassets in Resources */ = {isa = PBXBuildFile; fileRef = 71A25E0C215D41B200544DC9 /* Assets.xcassets */; };
		71A25E10215D41B200544DC9 /* LaunchScreen.storyboard in Resources */ = {isa = PBXBuildFile; fileRef = 71A25E0E215D41B200544DC9 /* LaunchScreen.storyboard */; };
		71A25E1B215D41B200544DC9 /* TrafficSignalAppTests.swift in Sources */ = {isa = PBXBuildFile; fileRef = 71A25E1A215D41B200544DC9 /* TrafficSignalAppTests.swift */; };
		71A25E26215D41B200544DC9 /* TrafficSignalAppUITests.swift in Sources */ = {isa = PBXBuildFile; fileRef = 71A25E25215D41B200544DC9 /* TrafficSignalAppUITests.swift */; };
/* End PBXBuildFile section */

/* Begin PBXContainerItemProxy section */
		71A25E17215D41B200544DC9 /* PBXContainerItemProxy */ = {
			isa = PBXContainerItemProxy;
			containerPortal = 71A25DFA215D41AD00544DC9 /* Project object */;
			proxyType = 1;
			remoteGlobalIDString = 71A25E01215D41AD00544DC9;
			remoteInfo = TrafficSignalApp;
		};
		71A25E22215D41B200544DC9 /* PBXContainerItemProxy */ = {
			isa = PBXContainerItemProxy;
			containerPortal = 71A25DFA215D41AD00544DC9 /* Project object */;
			proxyType = 1;
			remoteGlobalIDString = 71A25E01215D41AD00544DC9;
			remoteInfo = TrafficSignalApp;
		};
/* End PBXContainerItemProxy section */

/* Begin PBXFileReference section */
		71A25E02215D41AD00544DC9 /* TrafficSignalApp.app */ = {isa = PBXFileReference; explicitFileType = wrapper.application; includeInIndex = 0; path = TrafficSignalApp.app; sourceTree = BUILT_PRODUCTS_DIR; };
		71A25E05215D41AD00544DC9 /* AppDelegate.swift */ = {isa = PBXFileReference; lastKnownFileType = sourcecode.swift; path = AppDelegate.swift; sourceTree = "<group>"; };
		71A25E07215D41AD00544DC9 /* ViewController.swift */ = {isa = PBXFileReference; lastKnownFileType = sourcecode.swift; path = ViewController.swift; sourceTree = "<group>"; };
		71A25E0A215D41AD00544DC9 /* Base */ = {isa = PBXFileReference; lastKnownFileType = file.storyboard; name = Base; path = Base.lproj/Main.storyboard; sourceTree = "<group>"; };
		71A25E0C215D41B200544DC9 /* Assets.xcassets */ = {isa = PBXFileReference; lastKnownFileType = folder.assetcatalog; path = Assets.xcassets; sourceTree = "<group>"; };
		71A25E0F215D41B200544DC9 /* Base */ = {isa = PBXFileReference; lastKnownFileType = file.storyboard; name = Base; path = Base.lproj/LaunchScreen.storyboard; sourceTree = "<group>"; };
		71A25E11215D41B200544DC9 /* Info.plist */ = {isa = PBXFileReference; lastKnownFileType = text.plist.xml; path = Info.plist; sourceTree = "<group>"; };
		71A25E16215D41B200544DC9 /* TrafficSignalAppTests.xctest */ = {isa = PBXFileReference; explicitFileType = wrapper.cfbundle; includeInIndex = 0; path = TrafficSignalAppTests.xctest; sourceTree = BUILT_PRODUCTS_DIR; };
		71A25E1A215D41B200544DC9 /* TrafficSignalAppTests.swift */ = {isa = PBXFileReference; lastKnownFileType = sourcecode.swift; path = TrafficSignalAppTests.swift; sourceTree = "<group>"; };
		71A25E1C215D41B200544DC9 /* Info.plist */ = {isa = PBXFileReference; lastKnownFileType = text.plist.xml; path = Info.plist; sourceTree = "<group>"; };
		71A25E21215D41B200544DC9 /* TrafficSignalAppUITests.xctest */ = {isa = PBXFileReference; explicitFileType = wrapper.cfbundle; includeInIndex = 0; path = TrafficSignalAppUITests.xctest; sourceTree = BUILT_PRODUCTS_DIR; };
		71A25E25215D41B200544DC9 /* TrafficSignalAppUITests.swift */ = {isa = PBXFileReference; lastKnownFileType = sourcecode.swift; path = TrafficSignalAppUITests.swift; sourceTree = "<group>"; };
		71A25E27215D41B200544DC9 /* Info.plist */ = {isa = PBXFileReference; lastKnownFileType = text.plist.xml; path = Info.plist; sourceTree = "<group>"; };
/* End PBXFileReference section */

/* Begin PBXFrameworksBuildPhase section */
		71A25DFF215D41AD00544DC9 /* Frameworks */ = {
			isa = PBXFrameworksBuildPhase;
			buildActionMask = 2147483647;
			files = (
			);
			runOnlyForDeploymentPostprocessing = 0;
		};
		71A25E13215D41B200544DC9 /* Frameworks */ = {
			isa = PBXFrameworksBuildPhase;
			buildActionMask = 2147483647;
			files = (
			);
			runOnlyForDeploymentPostprocessing = 0;
		};
		71A25E1E215D41B200544DC9 /* Frameworks */ = {
			isa = PBXFrameworksBuildPhase;
			buildActionMask = 2147483647;
			files = (
			);
			runOnlyForDeploymentPostprocessing = 0;
		};
/* End PBXFrameworksBuildPhase section */

/* Begin PBXGroup section */
		71A25DF9215D41AD00544DC9 = {
			isa = PBXGroup;
			children = (
				71A25E04215D41AD00544DC9 /* TrafficSignalApp */,
				71A25E19215D41B200544DC9 /* TrafficSignalAppTests */,
				71A25E24215D41B200544DC9 /* TrafficSignalAppUITests */,
				71A25E03215D41AD00544DC9 /* Products */,
			);
			sourceTree = "<group>";
		};
		71A25E03215D41AD00544DC9 /* Products */ = {
			isa = PBXGroup;
			children = (
				71A25E02215D41AD00544DC9 /* TrafficSignalApp.app */,
				71A25E16215D41B200544DC9 /* TrafficSignalAppTests.xctest */,
				71A25E21215D41B200544DC9 /* TrafficSignalAppUITests.xctest */,
			);
			name = Products;
			sourceTree = "<group>";
		};
		71A25E04215D41AD00544DC9 /* TrafficSignalApp */ = {
			isa = PBXGroup;
			children = (
				71A25E05215D41AD00544DC9 /* AppDelegate.swift */,
				71A25E07215D41AD00544DC9 /* ViewController.swift */,
				71A25E09215D41AD00544DC9 /* Main.storyboard */,
				71A25E0C215D41B200544DC9 /* Assets.xcassets */,
				71A25E0E215D41B200544DC9 /* LaunchScreen.storyboard */,
				71A25E11215D41B200544DC9 /* Info.plist */,
			);
			path = TrafficSignalApp;
			sourceTree = "<group>";
		};
		71A25E19215D41B200544DC9 /* TrafficSignalAppTests */ = {
			isa = PBXGroup;
			children = (
				71A25E1A215D41B200544DC9 /* TrafficSignalAppTests.swift */,
				71A25E1C215D41B200544DC9 /* Info.plist */,
			);
			path = TrafficSignalAppTests;
			sourceTree = "<group>";
		};
		71A25E24215D41B200544DC9 /* TrafficSignalAppUITests */ = {
			isa = PBXGroup;
			children = (
				71A25E25215D41B200544DC9 /* TrafficSignalAppUITests.swift */,
				71A25E27215D41B200544DC9 /* Info.plist */,
			);
			path = TrafficSignalAppUITests;
			sourceTree = "<group>";
		};
/* End PBXGroup section */

/* Begin PBXNativeTarget section */
		71A25E01215D41AD00544DC9 /* TrafficSignalApp */ = {
			isa = PBXNativeTarget;
			buildConfigurationList = 71A25E2A215D41B200544DC9 /* Build configuration list for PBXNativeTarget "TrafficSignalApp" */;
			buildPhases = (
				71A25DFE215D41AD00544DC9 /* Sources */,
				71A25DFF215D41AD00544DC9 /* Frameworks */,
				71A25E00215D41AD00544DC9 /* Resources */,
			);
			buildRules = (
			);
			dependencies = (
			);
			name = TrafficSignalApp;
			productName = TrafficSignalApp;
			productReference = 71A25E02215D41AD00544DC9 /* TrafficSignalApp.app */;
			productType = "com.apple.product-type.application";
		};
		71A25E15215D41B200544DC9 /* TrafficSignalAppTests */ = {
			isa = PBXNativeTarget;
			buildConfigurationList = 71A25E2D215D41B200544DC9 /* Build configuration list for PBXNativeTarget "TrafficSignalAppTests" */;
			buildPhases = (
				71A25E12215D41B200544DC9 /* Sources */,
				71A25E13215D41B200544DC9 /* Frameworks */,
				71A25E14215D41B200544DC9 /* Resources */,
			);
			buildRules = (
			);
			dependencies = (
				71A25E18215D41B200544DC9 /* PBXTargetDependency */,
			);
			name = TrafficSignalAppTests;
			productName = TrafficSignalAppTests;
			productReference = 71A25E16215D41B200544DC9 /* TrafficSignalAppTests.xctest */;
			productType = "com.apple.product-type.bundle.unit-test";
		};
		71A25E20215D41B200544DC9 /* TrafficSignalAppUITests */ = {
			isa = PBXNativeTarget;
			buildConfigurationList = 71A25E30215D41B200544DC9 /* Build configuration list for PBXNativeTarget "TrafficSignalAppUITests" */;
			buildPhases = (
				71A25E1D215D41B200544DC9 /* Sources */,
				71A25E1E215D41B200544DC9 /* Frameworks */,
				71A25E1F215D41B200544DC9 /* Resources */,
			);
			buildRules = (
			);
			dependencies = (
				71A25E23215D41B200544DC9 /* PBXTargetDependency */,
			);
			name = TrafficSignalAppUITests;
			productName = TrafficSignalAppUITests;
			productReference = 71A25E21215D41B200544DC9 /* TrafficSignalAppUITests.xctest */;
			productType = "com.apple.product-type.bundle.ui-testing";
		};
/* End PBXNativeTarget section */

/* Begin PBXProject section */
		71A25DFA215D41AD00544DC9 /* Project object */ = {
			isa = PBXProject;
			attributes = {
				LastSwiftUpdateCheck = 1000;
				LastUpgradeCheck = 1000;
				ORGANIZATIONNAME = Shitamori;
				TargetAttributes = {
					71A25E01215D41AD00544DC9 = {
						CreatedOnToolsVersion = 10.0;
					};
					71A25E15215D41B200544DC9 = {
						CreatedOnToolsVersion = 10.0;
						TestTargetID = 71A25E01215D41AD00544DC9;
					};
					71A25E20215D41B200544DC9 = {
						CreatedOnToolsVersion = 10.0;
						TestTargetID = 71A25E01215D41AD00544DC9;
					};
				};
			};
			buildConfigurationList = 71A25DFD215D41AD00544DC9 /* Build configuration list for PBXProject "TrafficSignalApp" */;
			compatibilityVersion = "Xcode 9.3";
			developmentRegion = en;
			hasScannedForEncodings = 0;
			knownRegions = (
				en,
				Base,
			);
			mainGroup = 71A25DF9215D41AD00544DC9;
			productRefGroup = 71A25E03215D41AD00544DC9 /* Products */;
			projectDirPath = "";
			projectRoot = "";
			targets = (
				71A25E01215D41AD00544DC9 /* TrafficSignalApp */,
				71A25E15215D41B200544DC9 /* TrafficSignalAppTests */,
				71A25E20215D41B200544DC9 /* TrafficSignalAppUITests */,
			);
		};
/* End PBXProject section */

/* Begin PBXResourcesBuildPhase section */
		71A25E00215D41AD00544DC9 /* Resources */ = {
			isa = PBXResourcesBuildPhase;
			buildActionMask = 2147483647;
			files = (
				71A25E10215D41B200544DC9 /* LaunchScreen.storyboard in Resources */,
				71A25E0D215D41B200544DC9 /* Assets.xcassets in Resources */,
				71A25E0B215D41AD00544DC9 /* Main.storyboard in Resources */,
			);
			runOnlyForDeploymentPostprocessing = 0;
		};
		71A25E14215D41B200544DC9 /* Resources */ = {
			isa = PBXResourcesBuildPhase;
			buildActionMask = 2147483647;
			files = (
			);
			runOnlyForDeploymentPostprocessing = 0;
		};
		71A25E1F215D41B200544DC9 /* Resources */ = {
			isa = PBXResourcesBuildPhase;
			buildActionMask = 2147483647;
			files = (
			);
			runOnlyForDeploymentPostprocessing = 0;
		};
/* End PBXResourcesBuildPhase section */

/* Begin PBXSourcesBuildPhase section */
		71A25DFE215D41AD00544DC9 /* Sources */ = {
			isa = PBXSourcesBuildPhase;
			buildActionMask = 2147483647;
			files = (
				71A25E08215D41AD00544DC9 /* ViewController.swift in Sources */,
				71A25E06215D41AD00544DC9 /* AppDelegate.swift in Sources */,
			);
			runOnlyForDeploymentPostprocessing = 0;
		};
		71A25E12215D41B200544DC9 /* Sources */ = {
			isa = PBXSourcesBuildPhase;
			buildActionMask = 2147483647;
			files = (
				71A25E1B215D41B200544DC9 /* TrafficSignalAppTests.swift in Sources */,
			);
			runOnlyForDeploymentPostprocessing = 0;
		};
		71A25E1D215D41B200544DC9 /* Sources */ = {
			isa = PBXSourcesBuildPhase;
			buildActionMask = 2147483647;
			files = (
				71A25E26215D41B200544DC9 /* TrafficSignalAppUITests.swift in Sources */,
			);
			runOnlyForDeploymentPostprocessing = 0;
		};
/* End PBXSourcesBuildPhase section */

/* Begin PBXTargetDependency section */
		71A25E18215D41B200544DC9 /* PBXTargetDependency */ = {
			isa = PBXTargetDependency;
			target = 71A25E01215D41AD00544DC9 /* TrafficSignalApp */;
			targetProxy = 71A25E17215D41B200544DC9 /* PBXContainerItemProxy */;
		};
		71A25E23215D41B200544DC9 /* PBXTargetDependency */ = {
			isa = PBXTargetDependency;
			target = 71A25E01215D41AD00544DC9 /* TrafficSignalApp */;
			targetProxy = 71A25E22215D41B200544DC9 /* PBXContainerItemProxy */;
		};
/* End PBXTargetDependency section */

/* Begin PBXVariantGroup section */
		71A25E09215D41AD00544DC9 /* Main.storyboard */ = {
			isa = PBXVariantGroup;
			children = (
				71A25E0A215D41AD00544DC9 /* Base */,
			);
			name = Main.storyboard;
			sourceTree = "<group>";
		};
		71A25E0E215D41B200544DC9 /* LaunchScreen.storyboard */ = {
			isa = PBXVariantGroup;
			children = (
				71A25E0F215D41B200544DC9 /* Base */,
			);
			name = LaunchScreen.storyboard;
			sourceTree = "<group>";
		};
/* End PBXVariantGroup section */

/* Begin XCBuildConfiguration section */
		71A25E28215D41B200544DC9 /* Debug */ = {
			isa = XCBuildConfiguration;
			buildSettings = {
				ALWAYS_SEARCH_USER_PATHS = NO;
				CLANG_ANALYZER_NONNULL = YES;
				CLANG_ANALYZER_NUMBER_OBJECT_CONVERSION = YES_AGGRESSIVE;
				CLANG_CXX_LANGUAGE_STANDARD = "gnu++14";
				CLANG_CXX_LIBRARY = "libc++";
				CLANG_ENABLE_MODULES = YES;
				CLANG_ENABLE_OBJC_ARC = YES;
				CLANG_ENABLE_OBJC_WEAK = YES;
				CLANG_WARN_BLOCK_CAPTURE_AUTORELEASING = YES;
				CLANG_WARN_BOOL_CONVERSION = YES;
				CLANG_WARN_COMMA = YES;
				CLANG_WARN_CONSTANT_CONVERSION = YES;
				CLANG_WARN_DEPRECATED_OBJC_IMPLEMENTATIONS = YES;
				CLANG_WARN_DIRECT_OBJC_ISA_USAGE = YES_ERROR;
				CLANG_WARN_DOCUMENTATION_COMMENTS = YES;
				CLANG_WARN_EMPTY_BODY = YES;
				CLANG_WARN_ENUM_CONVERSION = YES;
				CLANG_WARN_INFINITE_RECURSION = YES;
				CLANG_WARN_INT_CONVERSION = YES;
				CLANG_WARN_NON_LITERAL_NULL_CONVERSION = YES;
				CLANG_WARN_OBJC_IMPLICIT_RETAIN_SELF = YES;
				CLANG_WARN_OBJC_LITERAL_CONVERSION = YES;
				CLANG_WARN_OBJC_ROOT_CLASS = YES_ERROR;
				CLANG_WARN_RANGE_LOOP_ANALYSIS = YES;
				CLANG_WARN_STRICT_PROTOTYPES = YES;
				CLANG_WARN_SUSPICIOUS_MOVE = YES;
				CLANG_WARN_UNGUARDED_AVAILABILITY = YES_AGGRESSIVE;
				CLANG_WARN_UNREACHABLE_CODE = YES;
				CLANG_WARN__DUPLICATE_METHOD_MATCH = YES;
				CODE_SIGN_IDENTITY = "iPhone Developer";
				COPY_PHASE_STRIP = NO;
				DEBUG_INFORMATION_FORMAT = dwarf;
				ENABLE_STRICT_OBJC_MSGSEND = YES;
				ENABLE_TESTABILITY = YES;
				GCC_C_LANGUAGE_STANDARD = gnu11;
				GCC_DYNAMIC_NO_PIC = NO;
				GCC_NO_COMMON_BLOCKS = YES;
				GCC_OPTIMIZATION_LEVEL = 0;
				GCC_PREPROCESSOR_DEFINITIONS = (
					"DEBUG=1",
					"$(inherited)",
				);
				GCC_WARN_64_TO_32_BIT_CONVERSION = YES;
				GCC_WARN_ABOUT_RETURN_TYPE = YES_ERROR;
				GCC_WARN_UNDECLARED_SELECTOR = YES;
				GCC_WARN_UNINITIALIZED_AUTOS = YES_AGGRESSIVE;
				GCC_WARN_UNUSED_FUNCTION = YES;
				GCC_WARN_UNUSED_VARIABLE = YES;
				IPHONEOS_DEPLOYMENT_TARGET = 12.0;
				MTL_ENABLE_DEBUG_INFO = INCLUDE_SOURCE;
				MTL_FAST_MATH = YES;
				ONLY_ACTIVE_ARCH = YES;
				SDKROOT = iphoneos;
				SWIFT_ACTIVE_COMPILATION_CONDITIONS = DEBUG;
				SWIFT_OPTIMIZATION_LEVEL = "-Onone";
			};
			name = Debug;
		};
		71A25E29215D41B200544DC9 /* Release */ = {
			isa = XCBuildConfiguration;
			buildSettings = {
				ALWAYS_SEARCH_USER_PATHS = NO;
				CLANG_ANALYZER_NONNULL = YES;
				CLANG_ANALYZER_NUMBER_OBJECT_CONVERSION = YES_AGGRESSIVE;
				CLANG_CXX_LANGUAGE_STANDARD = "gnu++14";
				CLANG_CXX_LIBRARY = "libc++";
				CLANG_ENABLE_MODULES = YES;
				CLANG_ENABLE_OBJC_ARC = YES;
				CLANG_ENABLE_OBJC_WEAK = YES;
				CLANG_WARN_BLOCK_CAPTURE_AUTORELEASING = YES;
				CLANG_WARN_BOOL_CONVERSION = YES;
				CLANG_WARN_COMMA = YES;
				CLANG_WARN_CONSTANT_CONVERSION = YES;
				CLANG_WARN_DEPRECATED_OBJC_IMPLEMENTATIONS = YES;
				CLANG_WARN_DIRECT_OBJC_ISA_USAGE = YES_ERROR;
				CLANG_WARN_DOCUMENTATION_COMMENTS = YES;
				CLANG_WARN_EMPTY_BODY = YES;
				CLANG_WARN_ENUM_CONVERSION = YES;
				CLANG_WARN_INFINITE_RECURSION = YES;
				CLANG_WARN_INT_CONVERSION = YES;
				CLANG_WARN_NON_LITERAL_NULL_CONVERSION = YES;
				CLANG_WARN_OBJC_IMPLICIT_RETAIN_SELF = YES;
				CLANG_WARN_OBJC_LITERAL_CONVERSION = YES;
				CLANG_WARN_OBJC_ROOT_CLASS = YES_ERROR;
				CLANG_WARN_RANGE_LOOP_ANALYSIS = YES;
				CLANG_WARN_STRICT_PROTOTYPES = YES;
				CLANG_WARN_SUSPICIOUS_MOVE = YES;
				CLANG_WARN_UNGUARDED_AVAILABILITY = YES_AGGRESSIVE;
				CLANG_WARN_UNREACHABLE_CODE = YES;
				CLANG_WARN__DUPLICATE_METHOD_MATCH = YES;
				CODE_SIGN_IDENTITY = "iPhone Developer";
				COPY_PHASE_STRIP = NO;
				DEBUG_INFORMATION_FORMAT = "dwarf-with-dsym";
				ENABLE_NS_ASSERTIONS = NO;
				ENABLE_STRICT_OBJC_MSGSEND = YES;
				GCC_C_LANGUAGE_STANDARD = gnu11;
				GCC_NO_COMMON_BLOCKS = YES;
				GCC_WARN_64_TO_32_BIT_CONVERSION = YES;
				GCC_WARN_ABOUT_RETURN_TYPE = YES_ERROR;
				GCC_WARN_UNDECLARED_SELECTOR = YES;
				GCC_WARN_UNINITIALIZED_AUTOS = YES_AGGRESSIVE;
				GCC_WARN_UNUSED_FUNCTION = YES;
				GCC_WARN_UNUSED_VARIABLE = YES;
				IPHONEOS_DEPLOYMENT_TARGET = 12.0;
				MTL_ENABLE_DEBUG_INFO = NO;
				MTL_FAST_MATH = YES;
				SDKROOT = iphoneos;
				SWIFT_COMPILATION_MODE = wholemodule;
				SWIFT_OPTIMIZATION_LEVEL = "-O";
				VALIDATE_PRODUCT = YES;
			};
			name = Release;
		};
		71A25E2B215D41B200544DC9 /* Debug */ = {
			isa = XCBuildConfiguration;
			buildSettings = {
				ASSETCATALOG_COMPILER_APPICON_NAME = AppIcon;
				CODE_SIGN_STYLE = Automatic;
				DEVELOPMENT_TEAM = 95VBBVY9CC;
				INFOPLIST_FILE = TrafficSignalApp/Info.plist;
				LD_RUNPATH_SEARCH_PATHS = (
					"$(inherited)",
					"@executable_path/Frameworks",
				);
				PRODUCT_BUNDLE_IDENTIFIER = com.Shitamori.TrafficSignalApp;
				PRODUCT_NAME = "$(TARGET_NAME)";
				SWIFT_VERSION = 4.2;
				TARGETED_DEVICE_FAMILY = "1,2";
			};
			name = Debug;
		};
		71A25E2C215D41B200544DC9 /* Release */ = {
			isa = XCBuildConfiguration;
			buildSettings = {
				ASSETCATALOG_COMPILER_APPICON_NAME = AppIcon;
				CODE_SIGN_STYLE = Automatic;
				DEVELOPMENT_TEAM = 95VBBVY9CC;
				INFOPLIST_FILE = TrafficSignalApp/Info.plist;
				LD_RUNPATH_SEARCH_PATHS = (
					"$(inherited)",
					"@executable_path/Frameworks",
				);
				PRODUCT_BUNDLE_IDENTIFIER = com.Shitamori.TrafficSignalApp;
				PRODUCT_NAME = "$(TARGET_NAME)";
				SWIFT_VERSION = 4.2;
				TARGETED_DEVICE_FAMILY = "1,2";
			};
			name = Release;
		};
		71A25E2E215D41B200544DC9 /* Debug */ = {
			isa = XCBuildConfiguration;
			buildSettings = {
				ALWAYS_EMBED_SWIFT_STANDARD_LIBRARIES = YES;
				BUNDLE_LOADER = "$(TEST_HOST)";
				CODE_SIGN_STYLE = Automatic;
				INFOPLIST_FILE = TrafficSignalAppTests/Info.plist;
				LD_RUNPATH_SEARCH_PATHS = (
					"$(inherited)",
					"@executable_path/Frameworks",
					"@loader_path/Frameworks",
				);
				PRODUCT_BUNDLE_IDENTIFIER = com.Shitamori.TrafficSignalAppTests;
				PRODUCT_NAME = "$(TARGET_NAME)";
				SWIFT_VERSION = 4.2;
				TARGETED_DEVICE_FAMILY = "1,2";
				TEST_HOST = "$(BUILT_PRODUCTS_DIR)/TrafficSignalApp.app/TrafficSignalApp";
			};
			name = Debug;
		};
		71A25E2F215D41B200544DC9 /* Release */ = {
			isa = XCBuildConfiguration;
			buildSettings = {
				ALWAYS_EMBED_SWIFT_STANDARD_LIBRARIES = YES;
				BUNDLE_LOADER = "$(TEST_HOST)";
				CODE_SIGN_STYLE = Automatic;
				INFOPLIST_FILE = TrafficSignalAppTests/Info.plist;
				LD_RUNPATH_SEARCH_PATHS = (
					"$(inherited)",
					"@executable_path/Frameworks",
					"@loader_path/Frameworks",
				);
				PRODUCT_BUNDLE_IDENTIFIER = com.Shitamori.TrafficSignalAppTests;
				PRODUCT_NAME = "$(TARGET_NAME)";
				SWIFT_VERSION = 4.2;
				TARGETED_DEVICE_FAMILY = "1,2";
				TEST_HOST = "$(BUILT_PRODUCTS_DIR)/TrafficSignalApp.app/TrafficSignalApp";
			};
			name = Release;
		};
		71A25E31215D41B200544DC9 /* Debug */ = {
			isa = XCBuildConfiguration;
			buildSettings = {
				ALWAYS_EMBED_SWIFT_STANDARD_LIBRARIES = YES;
				CODE_SIGN_STYLE = Automatic;
				INFOPLIST_FILE = TrafficSignalAppUITests/Info.plist;
				LD_RUNPATH_SEARCH_PATHS = (
					"$(inherited)",
					"@executable_path/Frameworks",
					"@loader_path/Frameworks",
				);
				PRODUCT_BUNDLE_IDENTIFIER = com.Shitamori.TrafficSignalAppUITests;
				PRODUCT_NAME = "$(TARGET_NAME)";
				SWIFT_VERSION = 4.2;
				TARGETED_DEVICE_FAMILY = "1,2";
				TEST_TARGET_NAME = TrafficSignalApp;
			};
			name = Debug;
		};
		71A25E32215D41B200544DC9 /* Release */ = {
			isa = XCBuildConfiguration;
			buildSettings = {
				ALWAYS_EMBED_SWIFT_STANDARD_LIBRARIES = YES;
				CODE_SIGN_STYLE = Automatic;
				INFOPLIST_FILE = TrafficSignalAppUITests/Info.plist;
				LD_RUNPATH_SEARCH_PATHS = (
					"$(inherited)",
					"@executable_path/Frameworks",
					"@loader_path/Frameworks",
				);
				PRODUCT_BUNDLE_IDENTIFIER = com.Shitamori.TrafficSignalAppUITests;
				PRODUCT_NAME = "$(TARGET_NAME)";
				SWIFT_VERSION = 4.2;
				TARGETED_DEVICE_FAMILY = "1,2";
				TEST_TARGET_NAME = TrafficSignalApp;
			};
			name = Release;
		};
/* End XCBuildConfiguration section */

/* Begin XCConfigurationList section */
		71A25DFD215D41AD00544DC9 /* Build configuration list for PBXProject "TrafficSignalApp" */ = {
			isa = XCConfigurationList;
			buildConfigurations = (
				71A25E28215D41B200544DC9 /* Debug */,
				71A25E29215D41B200544DC9 /* Release */,
			);
			defaultConfigurationIsVisible = 0;
			defaultConfigurationName = Release;
		};
		71A25E2A215D41B200544DC9 /* Build configuration list for PBXNativeTarget "TrafficSignalApp" */ = {
			isa = XCConfigurationList;
			buildConfigurations = (
				71A25E2B215D41B200544DC9 /* Debug */,
				71A25E2C215D41B200544DC9 /* Release */,
			);
			defaultConfigurationIsVisible = 0;
			defaultConfigurationName = Release;
		};
		71A25E2D215D41B200544DC9 /* Build configuration list for PBXNativeTarget "TrafficSignalAppTests" */ = {
			isa = XCConfigurationList;
			buildConfigurations = (
				71A25E2E215D41B200544DC9 /* Debug */,
				71A25E2F215D41B200544DC9 /* Release */,
			);
			defaultConfigurationIsVisible = 0;
			defaultConfigurationName = Release;
		};
		71A25E30215D41B200544DC9 /* Build configuration list for PBXNativeTarget "TrafficSignalAppUITests" */ = {
			isa = XCConfigurationList;
			buildConfigurations = (
				71A25E31215D41B200544DC9 /* Debug */,
				71A25E32215D41B200544DC9 /* Release */,
			);
			defaultConfigurationIsVisible = 0;
			defaultConfigurationName = Release;
		};
/* End XCConfigurationList section */
	};
	rootObject = 71A25DFA215D41AD00544DC9 /* Project object */;
}
